
Microsoft Visual Studio Solution File, Format Version 12.00
# Visual Studio Version 16
VisualStudioVersion = 16.0.29201.188
MinimumVisualStudioVersion = 10.0.40219.1
Project("{FAE04EC0-301F-11D3-BF4B-00C04F79EFBC}") = "EjemploSIST", "EjemploSIST\EjemploSIST.csproj", "{7D88467A-4322-4AE6-A4FB-FCF4CC8BFE0A}"
EndProject
Global
	GlobalSection(SolutionConfigurationPlatforms) = preSolution
		Debug|Any CPU = Debug|Any CPU
		Release|Any CPU = Release|Any CPU
	EndGlobalSection
	GlobalSection(ProjectConfigurationPlatforms) = postSolution
		{7D88467A-4322-4AE6-A4FB-FCF4CC8BFE0A}.Debug|Any CPU.ActiveCfg = Debug|Any CPU
		{7D88467A-4322-4AE6-A4FB-FCF4CC8BFE0A}.Debug|Any CPU.Build.0 = Debug|Any CPU
		{7D88467A-4322-4AE6-A4FB-FCF4CC8BFE0A}.Release|Any CPU.ActiveCfg = Release|Any CPU
		{7D88467A-4322-4AE6-A4FB-FCF4CC8BFE0A}.Release|Any CPU.Build.0 = Release|Any CPU
	EndGlobalSection
	GlobalSection(SolutionProperties) = preSolution
		HideSolutionNode = FALSE
	EndGlobalSection
	GlobalSection(ExtensibilityGlobals) = postSolution
		SolutionGuid = {3F0F02A3-15D0-4FBA-90B1-14BDC6CFBD1B}
	EndGlobalSection
EndGlobal
